// !$*UTF8*$!
{
	archiveVersion = 1;
	classes = {
	};
	objectVersion = 46;
	objects = {

/* Begin PBXBuildFile section */
		1A1CD2651E00920600CB781A /* MyRecipes.swift in Sources */ = {isa = PBXBuildFile; fileRef = 1A1CD2641E00920600CB781A /* MyRecipes.swift */; };
		1A5D233B1DFEB8F500CD658C /* ShowDetailsViewController.swift in Sources */ = {isa = PBXBuildFile; fileRef = 1A5D233A1DFEB8F500CD658C /* ShowDetailsViewController.swift */; };
		1A5D233F1DFFF2C200CD658C /* GoogleService-Info.plist in Resources */ = {isa = PBXBuildFile; fileRef = 1A5D233E1DFFF2C200CD658C /* GoogleService-Info.plist */; };
		1A5D234A1E00065D00CD658C /* Constants.swift in Sources */ = {isa = PBXBuildFile; fileRef = 1A5D23491E00065D00CD658C /* Constants.swift */; };
		1A5D234C1E00074A00CD658C /* MeasurementHelper.swift in Sources */ = {isa = PBXBuildFile; fileRef = 1A5D234B1E00074A00CD658C /* MeasurementHelper.swift */; };
		1A5D234E1E00075E00CD658C /* Appstate.swift in Sources */ = {isa = PBXBuildFile; fileRef = 1A5D234D1E00075E00CD658C /* Appstate.swift */; };
		1A5D23511E001E5D00CD658C /* MyRecipesViewController.swift in Sources */ = {isa = PBXBuildFile; fileRef = 1A5D23501E001E5D00CD658C /* MyRecipesViewController.swift */; };
		1A5D23531E00396C00CD658C /* CustomGroceriesCell.swift in Sources */ = {isa = PBXBuildFile; fileRef = 1A5D23521E00396C00CD658C /* CustomGroceriesCell.swift */; };
		1A5D23551E0055AB00CD658C /* GroceryItem.swift in Sources */ = {isa = PBXBuildFile; fileRef = 1A5D23541E0055AB00CD658C /* GroceryItem.swift */; };
		1A5D23571E00560600CD658C /* User.swift in Sources */ = {isa = PBXBuildFile; fileRef = 1A5D23561E00560600CD658C /* User.swift */; };
		1A81B8941DF6EC020077CD1D /* AppDelegate.swift in Sources */ = {isa = PBXBuildFile; fileRef = 1A81B8931DF6EC020077CD1D /* AppDelegate.swift */; };
		1A81B8961DF6EC020077CD1D /* ViewController.swift in Sources */ = {isa = PBXBuildFile; fileRef = 1A81B8951DF6EC020077CD1D /* ViewController.swift */; };
		1A81B8991DF6EC020077CD1D /* Main.storyboard in Resources */ = {isa = PBXBuildFile; fileRef = 1A81B8971DF6EC020077CD1D /* Main.storyboard */; };
		1A81B89B1DF6EC020077CD1D /* Assets.xcassets in Resources */ = {isa = PBXBuildFile; fileRef = 1A81B89A1DF6EC020077CD1D /* Assets.xcassets */; };
		1A81B89E1DF6EC020077CD1D /* LaunchScreen.storyboard in Resources */ = {isa = PBXBuildFile; fileRef = 1A81B89C1DF6EC020077CD1D /* LaunchScreen.storyboard */; };
		1A81B8CF1DFAA1B30077CD1D /* CustomCell.swift in Sources */ = {isa = PBXBuildFile; fileRef = 1A81B8CD1DFA9BE80077CD1D /* CustomCell.swift */; };
		1A81B8FE1DFABC5E0077CD1D /* LogInViewController.swift in Sources */ = {isa = PBXBuildFile; fileRef = 1A81B8FD1DFABC5E0077CD1D /* LogInViewController.swift */; };
		1ACACC351DFAD5BB00C6D94C /* Recipe.swift in Sources */ = {isa = PBXBuildFile; fileRef = 1ACACC341DFAD5BB00C6D94C /* Recipe.swift */; };
		1E36A76493F1E675ACD47EB3 /* Pods_barbaraboeters_pset6.framework in Frameworks */ = {isa = PBXBuildFile; fileRef = 41DF7F8F3A2BFB7E6CC73A43 /* Pods_barbaraboeters_pset6.framework */; };
/* End PBXBuildFile section */

/* Begin PBXFileReference section */
		1A1CD2641E00920600CB781A /* MyRecipes.swift */ = {isa = PBXFileReference; fileEncoding = 4; lastKnownFileType = sourcecode.swift; path = MyRecipes.swift; sourceTree = "<group>"; };
		1A5D233A1DFEB8F500CD658C /* ShowDetailsViewController.swift */ = {isa = PBXFileReference; fileEncoding = 4; lastKnownFileType = sourcecode.swift; path = ShowDetailsViewController.swift; sourceTree = "<group>"; };
		1A5D233E1DFFF2C200CD658C /* GoogleService-Info.plist */ = {isa = PBXFileReference; fileEncoding = 4; lastKnownFileType = text.plist.xml; path = "GoogleService-Info.plist"; sourceTree = "<group>"; };
		1A5D23461E00012900CD658C /* barbaraboeters-pset6.entitlements */ = {isa = PBXFileReference; lastKnownFileType = text.plist.entitlements; path = "barbaraboeters-pset6.entitlements"; sourceTree = "<group>"; };
		1A5D23491E00065D00CD658C /* Constants.swift */ = {isa = PBXFileReference; fileEncoding = 4; lastKnownFileType = sourcecode.swift; path = Constants.swift; sourceTree = "<group>"; };
		1A5D234B1E00074A00CD658C /* MeasurementHelper.swift */ = {isa = PBXFileReference; fileEncoding = 4; lastKnownFileType = sourcecode.swift; path = MeasurementHelper.swift; sourceTree = "<group>"; };
		1A5D234D1E00075E00CD658C /* Appstate.swift */ = {isa = PBXFileReference; fileEncoding = 4; lastKnownFileType = sourcecode.swift; path = Appstate.swift; sourceTree = "<group>"; };
		1A5D23501E001E5D00CD658C /* MyRecipesViewController.swift */ = {isa = PBXFileReference; fileEncoding = 4; lastKnownFileType = sourcecode.swift; path = MyRecipesViewController.swift; sourceTree = "<group>"; };
		1A5D23521E00396C00CD658C /* CustomGroceriesCell.swift */ = {isa = PBXFileReference; fileEncoding = 4; lastKnownFileType = sourcecode.swift; path = CustomGroceriesCell.swift; sourceTree = "<group>"; };
		1A5D23541E0055AB00CD658C /* GroceryItem.swift */ = {isa = PBXFileReference; fileEncoding = 4; lastKnownFileType = sourcecode.swift; path = GroceryItem.swift; sourceTree = "<group>"; };
		1A5D23561E00560600CD658C /* User.swift */ = {isa = PBXFileReference; fileEncoding = 4; lastKnownFileType = sourcecode.swift; path = User.swift; sourceTree = "<group>"; };
		1A81B8901DF6EC020077CD1D /* barbaraboeters-pset6.app */ = {isa = PBXFileReference; explicitFileType = wrapper.application; includeInIndex = 0; path = "barbaraboeters-pset6.app"; sourceTree = BUILT_PRODUCTS_DIR; };
		1A81B8931DF6EC020077CD1D /* AppDelegate.swift */ = {isa = PBXFileReference; lastKnownFileType = sourcecode.swift; path = AppDelegate.swift; sourceTree = "<group>"; };
		1A81B8951DF6EC020077CD1D /* ViewController.swift */ = {isa = PBXFileReference; lastKnownFileType = sourcecode.swift; path = ViewController.swift; sourceTree = "<group>"; };
		1A81B8981DF6EC020077CD1D /* Base */ = {isa = PBXFileReference; lastKnownFileType = file.storyboard; name = Base; path = Base.lproj/Main.storyboard; sourceTree = "<group>"; };
		1A81B89A1DF6EC020077CD1D /* Assets.xcassets */ = {isa = PBXFileReference; lastKnownFileType = folder.assetcatalog; path = Assets.xcassets; sourceTree = "<group>"; };
		1A81B89D1DF6EC020077CD1D /* Base */ = {isa = PBXFileReference; lastKnownFileType = file.storyboard; name = Base; path = Base.lproj/LaunchScreen.storyboard; sourceTree = "<group>"; };
		1A81B89F1DF6EC020077CD1D /* Info.plist */ = {isa = PBXFileReference; lastKnownFileType = text.plist.xml; path = Info.plist; sourceTree = "<group>"; };
		1A81B8CD1DFA9BE80077CD1D /* CustomCell.swift */ = {isa = PBXFileReference; fileEncoding = 4; lastKnownFileType = sourcecode.swift; path = CustomCell.swift; sourceTree = "<group>"; };
		1A81B8FD1DFABC5E0077CD1D /* LogInViewController.swift */ = {isa = PBXFileReference; fileEncoding = 4; lastKnownFileType = sourcecode.swift; path = LogInViewController.swift; sourceTree = "<group>"; };
		1ACACC341DFAD5BB00C6D94C /* Recipe.swift */ = {isa = PBXFileReference; fileEncoding = 4; lastKnownFileType = sourcecode.swift; path = Recipe.swift; sourceTree = "<group>"; };
		41DF7F8F3A2BFB7E6CC73A43 /* Pods_barbaraboeters_pset6.framework */ = {isa = PBXFileReference; explicitFileType = wrapper.framework; includeInIndex = 0; path = Pods_barbaraboeters_pset6.framework; sourceTree = BUILT_PRODUCTS_DIR; };
		90EDABAFBB6F51FDADB0A0D4 /* Pods-barbaraboeters-pset6.debug.xcconfig */ = {isa = PBXFileReference; includeInIndex = 1; lastKnownFileType = text.xcconfig; name = "Pods-barbaraboeters-pset6.debug.xcconfig"; path = "Pods/Target Support Files/Pods-barbaraboeters-pset6/Pods-barbaraboeters-pset6.debug.xcconfig"; sourceTree = "<group>"; };
		BD94C979F479C44935DF2132 /* Pods-barbaraboeters-pset6.release.xcconfig */ = {isa = PBXFileReference; includeInIndex = 1; lastKnownFileType = text.xcconfig; name = "Pods-barbaraboeters-pset6.release.xcconfig"; path = "Pods/Target Support Files/Pods-barbaraboeters-pset6/Pods-barbaraboeters-pset6.release.xcconfig"; sourceTree = "<group>"; };
/* End PBXFileReference section */

/* Begin PBXFrameworksBuildPhase section */
		1A81B88D1DF6EC020077CD1D /* Frameworks */ = {
			isa = PBXFrameworksBuildPhase;
			buildActionMask = 2147483647;
			files = (
				1E36A76493F1E675ACD47EB3 /* Pods_barbaraboeters_pset6.framework in Frameworks */,
			);
			runOnlyForDeploymentPostprocessing = 0;
		};
/* End PBXFrameworksBuildPhase section */

/* Begin PBXGroup section */
		1A81B8871DF6EC020077CD1D = {
			isa = PBXGroup;
			children = (
				1A81B8921DF6EC020077CD1D /* barbaraboeters-pset6 */,
				1A81B8911DF6EC020077CD1D /* Products */,
				7F36B55235A37AB93C296CAD /* Pods */,
				58E625275DDD95508B8056CB /* Frameworks */,
			);
			sourceTree = "<group>";
		};
		1A81B8911DF6EC020077CD1D /* Products */ = {
			isa = PBXGroup;
			children = (
				1A81B8901DF6EC020077CD1D /* barbaraboeters-pset6.app */,
			);
			name = Products;
			sourceTree = "<group>";
		};
		1A81B8921DF6EC020077CD1D /* barbaraboeters-pset6 */ = {
			isa = PBXGroup;
			children = (
				1A5D23461E00012900CD658C /* barbaraboeters-pset6.entitlements */,
				1A5D233E1DFFF2C200CD658C /* GoogleService-Info.plist */,
				1A81B8931DF6EC020077CD1D /* AppDelegate.swift */,
				1A81B8971DF6EC020077CD1D /* Main.storyboard */,
				1A5D23541E0055AB00CD658C /* GroceryItem.swift */,
				1A5D23561E00560600CD658C /* User.swift */,
				1A5D23491E00065D00CD658C /* Constants.swift */,
				1A81B8FD1DFABC5E0077CD1D /* LogInViewController.swift */,
				1A81B8951DF6EC020077CD1D /* ViewController.swift */,
				1A5D233A1DFEB8F500CD658C /* ShowDetailsViewController.swift */,
				1A5D23501E001E5D00CD658C /* MyRecipesViewController.swift */,
				1A81B8CD1DFA9BE80077CD1D /* CustomCell.swift */,
				1A5D23521E00396C00CD658C /* CustomGroceriesCell.swift */,
				1ACACC341DFAD5BB00C6D94C /* Recipe.swift */,
				1A81B89A1DF6EC020077CD1D /* Assets.xcassets */,
				1A81B89C1DF6EC020077CD1D /* LaunchScreen.storyboard */,
				1A81B89F1DF6EC020077CD1D /* Info.plist */,
				1A5D234B1E00074A00CD658C /* MeasurementHelper.swift */,
				1A5D234D1E00075E00CD658C /* Appstate.swift */,
				1A1CD2641E00920600CB781A /* MyRecipes.swift */,
			);
			path = "barbaraboeters-pset6";
			sourceTree = "<group>";
		};
		58E625275DDD95508B8056CB /* Frameworks */ = {
			isa = PBXGroup;
			children = (
				41DF7F8F3A2BFB7E6CC73A43 /* Pods_barbaraboeters_pset6.framework */,
			);
			name = Frameworks;
			sourceTree = "<group>";
		};
		7F36B55235A37AB93C296CAD /* Pods */ = {
			isa = PBXGroup;
			children = (
				90EDABAFBB6F51FDADB0A0D4 /* Pods-barbaraboeters-pset6.debug.xcconfig */,
				BD94C979F479C44935DF2132 /* Pods-barbaraboeters-pset6.release.xcconfig */,
			);
			name = Pods;
			sourceTree = "<group>";
		};
/* End PBXGroup section */

/* Begin PBXNativeTarget section */
		1A81B88F1DF6EC020077CD1D /* barbaraboeters-pset6 */ = {
			isa = PBXNativeTarget;
			buildConfigurationList = 1A81B8A21DF6EC020077CD1D /* Build configuration list for PBXNativeTarget "barbaraboeters-pset6" */;
			buildPhases = (
				97F702013D2217FC62EEB533 /* 📦 Check Pods Manifest.lock */,
				1A81B88C1DF6EC020077CD1D /* Sources */,
				1A81B88D1DF6EC020077CD1D /* Frameworks */,
				1A81B88E1DF6EC020077CD1D /* Resources */,
				4FC13D9DAA25E538206C27F2 /* 📦 Embed Pods Frameworks */,
				2EB1D2A25B3D43C3A22CDD9E /* 📦 Copy Pods Resources */,
			);
			buildRules = (
			);
			dependencies = (
			);
			name = "barbaraboeters-pset6";
			productName = "barbaraboeters-pset6";
			productReference = 1A81B8901DF6EC020077CD1D /* barbaraboeters-pset6.app */;
			productType = "com.apple.product-type.application";
		};
/* End PBXNativeTarget section */

/* Begin PBXProject section */
		1A81B8881DF6EC020077CD1D /* Project object */ = {
			isa = PBXProject;
			attributes = {
				LastSwiftUpdateCheck = 0810;
				LastUpgradeCheck = 0810;
				ORGANIZATIONNAME = "Barbara Boeters";
				TargetAttributes = {
					1A81B88F1DF6EC020077CD1D = {
						CreatedOnToolsVersion = 8.1;
						DevelopmentTeam = 62W6Z49ZST;
						ProvisioningStyle = Automatic;
						SystemCapabilities = {
							com.apple.Keychain = {
								enabled = 1;
							};
						};
					};
				};
			};
			buildConfigurationList = 1A81B88B1DF6EC020077CD1D /* Build configuration list for PBXProject "barbaraboeters-pset6" */;
			compatibilityVersion = "Xcode 3.2";
			developmentRegion = English;
			hasScannedForEncodings = 0;
			knownRegions = (
				en,
				Base,
			);
			mainGroup = 1A81B8871DF6EC020077CD1D;
			productRefGroup = 1A81B8911DF6EC020077CD1D /* Products */;
			projectDirPath = "";
			projectRoot = "";
			targets = (
				1A81B88F1DF6EC020077CD1D /* barbaraboeters-pset6 */,
			);
		};
/* End PBXProject section */

/* Begin PBXResourcesBuildPhase section */
		1A81B88E1DF6EC020077CD1D /* Resources */ = {
			isa = PBXResourcesBuildPhase;
			buildActionMask = 2147483647;
			files = (
				1A81B89E1DF6EC020077CD1D /* LaunchScreen.storyboard in Resources */,
				1A5D233F1DFFF2C200CD658C /* GoogleService-Info.plist in Resources */,
				1A81B89B1DF6EC020077CD1D /* Assets.xcassets in Resources */,
				1A81B8991DF6EC020077CD1D /* Main.storyboard in Resources */,
			);
			runOnlyForDeploymentPostprocessing = 0;
		};
/* End PBXResourcesBuildPhase section */

/* Begin PBXShellScriptBuildPhase section */
		2EB1D2A25B3D43C3A22CDD9E /* 📦 Copy Pods Resources */ = {
			isa = PBXShellScriptBuildPhase;
			buildActionMask = 2147483647;
			files = (
			);
			inputPaths = (
			);
			name = "📦 Copy Pods Resources";
			outputPaths = (
			);
			runOnlyForDeploymentPostprocessing = 0;
			shellPath = /bin/sh;
			shellScript = "\"${SRCROOT}/Pods/Target Support Files/Pods-barbaraboeters-pset6/Pods-barbaraboeters-pset6-resources.sh\"\n";
			showEnvVarsInLog = 0;
		};
		4FC13D9DAA25E538206C27F2 /* 📦 Embed Pods Frameworks */ = {
			isa = PBXShellScriptBuildPhase;
			buildActionMask = 2147483647;
			files = (
			);
			inputPaths = (
			);
			name = "📦 Embed Pods Frameworks";
			outputPaths = (
			);
			runOnlyForDeploymentPostprocessing = 0;
			shellPath = /bin/sh;
			shellScript = "\"${SRCROOT}/Pods/Target Support Files/Pods-barbaraboeters-pset6/Pods-barbaraboeters-pset6-frameworks.sh\"\n";
			showEnvVarsInLog = 0;
		};
		97F702013D2217FC62EEB533 /* 📦 Check Pods Manifest.lock */ = {
			isa = PBXShellScriptBuildPhase;
			buildActionMask = 2147483647;
			files = (
			);
			inputPaths = (
			);
			name = "📦 Check Pods Manifest.lock";
			outputPaths = (
			);
			runOnlyForDeploymentPostprocessing = 0;
			shellPath = /bin/sh;
			shellScript = "diff \"${PODS_ROOT}/../Podfile.lock\" \"${PODS_ROOT}/Manifest.lock\" > /dev/null\nif [[ $? != 0 ]] ; then\n    cat << EOM\nerror: The sandbox is not in sync with the Podfile.lock. Run 'pod install' or update your CocoaPods installation.\nEOM\n    exit 1\nfi\n";
			showEnvVarsInLog = 0;
		};
/* End PBXShellScriptBuildPhase section */

/* Begin PBXSourcesBuildPhase section */
		1A81B88C1DF6EC020077CD1D /* Sources */ = {
			isa = PBXSourcesBuildPhase;
			buildActionMask = 2147483647;
			files = (
				1A5D23571E00560600CD658C /* User.swift in Sources */,
				1A5D234C1E00074A00CD658C /* MeasurementHelper.swift in Sources */,
				1A5D234E1E00075E00CD658C /* Appstate.swift in Sources */,
				1A5D23511E001E5D00CD658C /* MyRecipesViewController.swift in Sources */,
				1A81B8FE1DFABC5E0077CD1D /* LogInViewController.swift in Sources */,
				1A81B8961DF6EC020077CD1D /* ViewController.swift in Sources */,
				1A81B8CF1DFAA1B30077CD1D /* CustomCell.swift in Sources */,
				1A81B8941DF6EC020077CD1D /* AppDelegate.swift in Sources */,
				1A5D233B1DFEB8F500CD658C /* ShowDetailsViewController.swift in Sources */,
				1A5D23531E00396C00CD658C /* CustomGroceriesCell.swift in Sources */,
				1ACACC351DFAD5BB00C6D94C /* Recipe.swift in Sources */,
				1A1CD2651E00920600CB781A /* MyRecipes.swift in Sources */,
				1A5D23551E0055AB00CD658C /* GroceryItem.swift in Sources */,
				1A5D234A1E00065D00CD658C /* Constants.swift in Sources */,
			);
			runOnlyForDeploymentPostprocessing = 0;
		};
/* End PBXSourcesBuildPhase section */

/* Begin PBXVariantGroup section */
		1A81B8971DF6EC020077CD1D /* Main.storyboard */ = {
			isa = PBXVariantGroup;
			children = (
				1A81B8981DF6EC020077CD1D /* Base */,
			);
			name = Main.storyboard;
			sourceTree = "<group>";
		};
		1A81B89C1DF6EC020077CD1D /* LaunchScreen.storyboard */ = {
			isa = PBXVariantGroup;
			children = (
				1A81B89D1DF6EC020077CD1D /* Base */,
			);
			name = LaunchScreen.storyboard;
			sourceTree = "<group>";
		};
/* End PBXVariantGroup section */

/* Begin XCBuildConfiguration section */
		1A81B8A01DF6EC020077CD1D /* Debug */ = {
			isa = XCBuildConfiguration;
			buildSettings = {
				ALWAYS_SEARCH_USER_PATHS = NO;
				CLANG_ANALYZER_NONNULL = YES;
				CLANG_CXX_LANGUAGE_STANDARD = "gnu++0x";
				CLANG_CXX_LIBRARY = "libc++";
				CLANG_ENABLE_MODULES = YES;
				CLANG_ENABLE_OBJC_ARC = YES;
				CLANG_WARN_BOOL_CONVERSION = YES;
				CLANG_WARN_CONSTANT_CONVERSION = YES;
				CLANG_WARN_DIRECT_OBJC_ISA_USAGE = YES_ERROR;
				CLANG_WARN_DOCUMENTATION_COMMENTS = YES;
				CLANG_WARN_EMPTY_BODY = YES;
				CLANG_WARN_ENUM_CONVERSION = YES;
				CLANG_WARN_INFINITE_RECURSION = YES;
				CLANG_WARN_INT_CONVERSION = YES;
				CLANG_WARN_OBJC_ROOT_CLASS = YES_ERROR;
				CLANG_WARN_SUSPICIOUS_MOVES = YES;
				CLANG_WARN_UNREACHABLE_CODE = YES;
				CLANG_WARN__DUPLICATE_METHOD_MATCH = YES;
				"CODE_SIGN_IDENTITY[sdk=iphoneos*]" = "iPhone Developer";
				COPY_PHASE_STRIP = NO;
				DEBUG_INFORMATION_FORMAT = dwarf;
				ENABLE_STRICT_OBJC_MSGSEND = YES;
				ENABLE_TESTABILITY = YES;
				GCC_C_LANGUAGE_STANDARD = gnu99;
				GCC_DYNAMIC_NO_PIC = NO;
				GCC_NO_COMMON_BLOCKS = YES;
				GCC_OPTIMIZATION_LEVEL = 0;
				GCC_PREPROCESSOR_DEFINITIONS = (
					"DEBUG=1",
					"$(inherited)",
				);
				GCC_WARN_64_TO_32_BIT_CONVERSION = YES;
				GCC_WARN_ABOUT_RETURN_TYPE = YES_ERROR;
				GCC_WARN_UNDECLARED_SELECTOR = YES;
				GCC_WARN_UNINITIALIZED_AUTOS = YES_AGGRESSIVE;
				GCC_WARN_UNUSED_FUNCTION = YES;
				GCC_WARN_UNUSED_VARIABLE = YES;
				IPHONEOS_DEPLOYMENT_TARGET = 10.1;
				MTL_ENABLE_DEBUG_INFO = YES;
				ONLY_ACTIVE_ARCH = YES;
				SDKROOT = iphoneos;
				SWIFT_ACTIVE_COMPILATION_CONDITIONS = DEBUG;
				SWIFT_OPTIMIZATION_LEVEL = "-Onone";
				TARGETED_DEVICE_FAMILY = "1,2";
			};
			name = Debug;
		};
		1A81B8A11DF6EC020077CD1D /* Release */ = {
			isa = XCBuildConfiguration;
			buildSettings = {
				ALWAYS_SEARCH_USER_PATHS = NO;
				CLANG_ANALYZER_NONNULL = YES;
				CLANG_CXX_LANGUAGE_STANDARD = "gnu++0x";
				CLANG_CXX_LIBRARY = "libc++";
				CLANG_ENABLE_MODULES = YES;
				CLANG_ENABLE_OBJC_ARC = YES;
				CLANG_WARN_BOOL_CONVERSION = YES;
				CLANG_WARN_CONSTANT_CONVERSION = YES;
				CLANG_WARN_DIRECT_OBJC_ISA_USAGE = YES_ERROR;
				CLANG_WARN_DOCUMENTATION_COMMENTS = YES;
				CLANG_WARN_EMPTY_BODY = YES;
				CLANG_WARN_ENUM_CONVERSION = YES;
				CLANG_WARN_INFINITE_RECURSION = YES;
				CLANG_WARN_INT_CONVERSION = YES;
				CLANG_WARN_OBJC_ROOT_CLASS = YES_ERROR;
				CLANG_WARN_SUSPICIOUS_MOVES = YES;
				CLANG_WARN_UNREACHABLE_CODE = YES;
				CLANG_WARN__DUPLICATE_METHOD_MATCH = YES;
				"CODE_SIGN_IDENTITY[sdk=iphoneos*]" = "iPhone Developer";
				COPY_PHASE_STRIP = NO;
				DEBUG_INFORMATION_FORMAT = "dwarf-with-dsym";
				ENABLE_NS_ASSERTIONS = NO;
				ENABLE_STRICT_OBJC_MSGSEND = YES;
				GCC_C_LANGUAGE_STANDARD = gnu99;
				GCC_NO_COMMON_BLOCKS = YES;
				GCC_WARN_64_TO_32_BIT_CONVERSION = YES;
				GCC_WARN_ABOUT_RETURN_TYPE = YES_ERROR;
				GCC_WARN_UNDECLARED_SELECTOR = YES;
				GCC_WARN_UNINITIALIZED_AUTOS = YES_AGGRESSIVE;
				GCC_WARN_UNUSED_FUNCTION = YES;
				GCC_WARN_UNUSED_VARIABLE = YES;
				IPHONEOS_DEPLOYMENT_TARGET = 10.1;
				MTL_ENABLE_DEBUG_INFO = NO;
				SDKROOT = iphoneos;
				SWIFT_OPTIMIZATION_LEVEL = "-Owholemodule";
				TARGETED_DEVICE_FAMILY = "1,2";
				VALIDATE_PRODUCT = YES;
			};
			name = Release;
		};
		1A81B8A31DF6EC020077CD1D /* Debug */ = {
			isa = XCBuildConfiguration;
			baseConfigurationReference = 90EDABAFBB6F51FDADB0A0D4 /* Pods-barbaraboeters-pset6.debug.xcconfig */;
			buildSettings = {
				ASSETCATALOG_COMPILER_APPICON_NAME = AppIcon;
				CODE_SIGN_ENTITLEMENTS = "barbaraboeters-pset6/barbaraboeters-pset6.entitlements";
				DEVELOPMENT_TEAM = 62W6Z49ZST;
				FRAMEWORK_SEARCH_PATHS = (
					"$(inherited)",
					"$(PROJECT_DIR)/Pods/FirebaseAnalytics/Frameworks/frameworks",
				);
				INFOPLIST_FILE = "barbaraboeters-pset6/Info.plist";
				LD_RUNPATH_SEARCH_PATHS = "$(inherited) @executable_path/Frameworks";
				PRODUCT_BUNDLE_IDENTIFIER = "m.prog.barbaraboeters-pset6";
				PRODUCT_NAME = "$(TARGET_NAME)";
				SWIFT_VERSION = 3.0;
			};
			name = Debug;
		};
		1A81B8A41DF6EC020077CD1D /* Release */ = {
			isa = XCBuildConfiguration;
			baseConfigurationReference = BD94C979F479C44935DF2132 /* Pods-barbaraboeters-pset6.release.xcconfig */;
			buildSettings = {
				ASSETCATALOG_COMPILER_APPICON_NAME = AppIcon;
				CODE_SIGN_ENTITLEMENTS = "barbaraboeters-pset6/barbaraboeters-pset6.entitlements";
				DEVELOPMENT_TEAM = 62W6Z49ZST;
				FRAMEWORK_SEARCH_PATHS = (
					"$(inherited)",
					"$(PROJECT_DIR)/Pods/FirebaseAnalytics/Frameworks/frameworks",
				);
				INFOPLIST_FILE = "barbaraboeters-pset6/Info.plist";
				LD_RUNPATH_SEARCH_PATHS = "$(inherited) @executable_path/Frameworks";
				PRODUCT_BUNDLE_IDENTIFIER = "m.prog.barbaraboeters-pset6";
				PRODUCT_NAME = "$(TARGET_NAME)";
				SWIFT_VERSION = 3.0;
			};
			name = Release;
		};
/* End XCBuildConfiguration section */

/* Begin XCConfigurationList section */
		1A81B88B1DF6EC020077CD1D /* Build configuration list for PBXProject "barbaraboeters-pset6" */ = {
			isa = XCConfigurationList;
			buildConfigurations = (
				1A81B8A01DF6EC020077CD1D /* Debug */,
				1A81B8A11DF6EC020077CD1D /* Release */,
			);
			defaultConfigurationIsVisible = 0;
			defaultConfigurationName = Release;
		};
		1A81B8A21DF6EC020077CD1D /* Build configuration list for PBXNativeTarget "barbaraboeters-pset6" */ = {
			isa = XCConfigurationList;
			buildConfigurations = (
				1A81B8A31DF6EC020077CD1D /* Debug */,
				1A81B8A41DF6EC020077CD1D /* Release */,
			);
			defaultConfigurationIsVisible = 0;
			defaultConfigurationName = Release;
		};
/* End XCConfigurationList section */
	};
	rootObject = 1A81B8881DF6EC020077CD1D /* Project object */;
}
